
Microsoft Visual Studio Solution File, Format Version 12.00
# Visual Studio Version 16
VisualStudioVersion = 16.0.31313.79
MinimumVisualStudioVersion = 10.0.40219.1
Project("{FAE04EC0-301F-11D3-BF4B-00C04F79EFBC}") = "viewAirwayBills", "viewAirwayBills\viewAirwayBills.csproj", "{EB7EDA3F-7858-43C1-9055-4CEB0913AEF0}"
EndProject
Global
	GlobalSection(SolutionConfigurationPlatforms) = preSolution
		Debug|Any CPU = Debug|Any CPU
		Release|Any CPU = Release|Any CPU
	EndGlobalSection
	GlobalSection(ProjectConfigurationPlatforms) = postSolution
		{EB7EDA3F-7858-43C1-9055-4CEB0913AEF0}.Debug|Any CPU.ActiveCfg = Debug|Any CPU
		{EB7EDA3F-7858-43C1-9055-4CEB0913AEF0}.Debug|Any CPU.Build.0 = Debug|Any CPU
		{EB7EDA3F-7858-43C1-9055-4CEB0913AEF0}.Release|Any CPU.ActiveCfg = Release|Any CPU
		{EB7EDA3F-7858-43C1-9055-4CEB0913AEF0}.Release|Any CPU.Build.0 = Release|Any CPU
	EndGlobalSection
	GlobalSection(SolutionProperties) = preSolution
		HideSolutionNode = FALSE
	EndGlobalSection
	GlobalSection(ExtensibilityGlobals) = postSolution
		SolutionGuid = {9B17E382-BDE0-46AC-A715-8F7D41DC3471}
	EndGlobalSection
EndGlobal
