
Microsoft Visual Studio Solution File, Format Version 12.00
# Visual Studio Version 16
VisualStudioVersion = 16.0.31313.79
MinimumVisualStudioVersion = 10.0.40219.1
Project("{FAE04EC0-301F-11D3-BF4B-00C04F79EFBC}") = "editShipment", "editShipment\editShipment.csproj", "{C77BAF2B-65D7-4171-A138-F1B1FD0C3479}"
EndProject
Global
	GlobalSection(SolutionConfigurationPlatforms) = preSolution
		Debug|Any CPU = Debug|Any CPU
		Release|Any CPU = Release|Any CPU
	EndGlobalSection
	GlobalSection(ProjectConfigurationPlatforms) = postSolution
		{C77BAF2B-65D7-4171-A138-F1B1FD0C3479}.Debug|Any CPU.ActiveCfg = Debug|Any CPU
		{C77BAF2B-65D7-4171-A138-F1B1FD0C3479}.Debug|Any CPU.Build.0 = Debug|Any CPU
		{C77BAF2B-65D7-4171-A138-F1B1FD0C3479}.Release|Any CPU.ActiveCfg = Release|Any CPU
		{C77BAF2B-65D7-4171-A138-F1B1FD0C3479}.Release|Any CPU.Build.0 = Release|Any CPU
	EndGlobalSection
	GlobalSection(SolutionProperties) = preSolution
		HideSolutionNode = FALSE
	EndGlobalSection
	GlobalSection(ExtensibilityGlobals) = postSolution
		SolutionGuid = {BAAE1306-AEB6-4A4F-B09E-62A6306B2084}
	EndGlobalSection
EndGlobal
