
Microsoft Visual Studio Solution File, Format Version 12.00
# Visual Studio Version 16
VisualStudioVersion = 16.0.31321.278
MinimumVisualStudioVersion = 10.0.40219.1
Project("{FAE04EC0-301F-11D3-BF4B-00C04F79EFBC}") = "Statistics", "Statistics\Statistics.csproj", "{0DD912A6-0699-49B0-9120-DCA6FFDEFE25}"
EndProject
Global
	GlobalSection(SolutionConfigurationPlatforms) = preSolution
		Debug|Any CPU = Debug|Any CPU
		Release|Any CPU = Release|Any CPU
	EndGlobalSection
	GlobalSection(ProjectConfigurationPlatforms) = postSolution
		{0DD912A6-0699-49B0-9120-DCA6FFDEFE25}.Debug|Any CPU.ActiveCfg = Debug|Any CPU
		{0DD912A6-0699-49B0-9120-DCA6FFDEFE25}.Debug|Any CPU.Build.0 = Debug|Any CPU
		{0DD912A6-0699-49B0-9120-DCA6FFDEFE25}.Release|Any CPU.ActiveCfg = Release|Any CPU
		{0DD912A6-0699-49B0-9120-DCA6FFDEFE25}.Release|Any CPU.Build.0 = Release|Any CPU
	EndGlobalSection
	GlobalSection(SolutionProperties) = preSolution
		HideSolutionNode = FALSE
	EndGlobalSection
	GlobalSection(ExtensibilityGlobals) = postSolution
		SolutionGuid = {9A1829E0-8C34-4A64-A919-C0D9973144CE}
	EndGlobalSection
EndGlobal
