
Microsoft Visual Studio Solution File, Format Version 12.00
# Visual Studio Version 16
VisualStudioVersion = 16.0.31313.79
MinimumVisualStudioVersion = 10.0.40219.1
Project("{FAE04EC0-301F-11D3-BF4B-00C04F79EFBC}") = "Invoice", "Invoice\Invoice.csproj", "{3429A79C-9793-4092-A9C6-458D10A99007}"
EndProject
Global
	GlobalSection(SolutionConfigurationPlatforms) = preSolution
		Debug|Any CPU = Debug|Any CPU
		Release|Any CPU = Release|Any CPU
	EndGlobalSection
	GlobalSection(ProjectConfigurationPlatforms) = postSolution
		{3429A79C-9793-4092-A9C6-458D10A99007}.Debug|Any CPU.ActiveCfg = Debug|Any CPU
		{3429A79C-9793-4092-A9C6-458D10A99007}.Debug|Any CPU.Build.0 = Debug|Any CPU
		{3429A79C-9793-4092-A9C6-458D10A99007}.Release|Any CPU.ActiveCfg = Release|Any CPU
		{3429A79C-9793-4092-A9C6-458D10A99007}.Release|Any CPU.Build.0 = Release|Any CPU
	EndGlobalSection
	GlobalSection(SolutionProperties) = preSolution
		HideSolutionNode = FALSE
	EndGlobalSection
	GlobalSection(ExtensibilityGlobals) = postSolution
		SolutionGuid = {C5027DDC-1D69-4777-B8E5-72E832E180D2}
	EndGlobalSection
EndGlobal
