
Microsoft Visual Studio Solution File, Format Version 12.00
# Visual Studio Version 16
VisualStudioVersion = 16.0.31313.79
MinimumVisualStudioVersion = 10.0.40219.1
Project("{FAE04EC0-301F-11D3-BF4B-00C04F79EFBC}") = "managePayment", "managePayment\managePayment.csproj", "{CE94B3B7-D78F-40EE-8329-63125EB6EDC5}"
EndProject
Global
	GlobalSection(SolutionConfigurationPlatforms) = preSolution
		Debug|Any CPU = Debug|Any CPU
		Release|Any CPU = Release|Any CPU
	EndGlobalSection
	GlobalSection(ProjectConfigurationPlatforms) = postSolution
		{CE94B3B7-D78F-40EE-8329-63125EB6EDC5}.Debug|Any CPU.ActiveCfg = Debug|Any CPU
		{CE94B3B7-D78F-40EE-8329-63125EB6EDC5}.Debug|Any CPU.Build.0 = Debug|Any CPU
		{CE94B3B7-D78F-40EE-8329-63125EB6EDC5}.Release|Any CPU.ActiveCfg = Release|Any CPU
		{CE94B3B7-D78F-40EE-8329-63125EB6EDC5}.Release|Any CPU.Build.0 = Release|Any CPU
	EndGlobalSection
	GlobalSection(SolutionProperties) = preSolution
		HideSolutionNode = FALSE
	EndGlobalSection
	GlobalSection(ExtensibilityGlobals) = postSolution
		SolutionGuid = {F69428CB-7D28-4000-864F-848C204E02F0}
	EndGlobalSection
EndGlobal
